
Microsoft Visual Studio Solution File, Format Version 12.00
# Visual Studio Version 17
VisualStudioVersion = 17.9.34723.18
MinimumVisualStudioVersion = 10.0.40219.1
Project("{FAE04EC0-301F-11D3-BF4B-00C04F79EFBC}") = "Library", "Library\Library.csproj", "{59BDF1D9-DF50-460E-8C55-98DDE0585F8B}"
EndProject
Global
	GlobalSection(SolutionConfigurationPlatforms) = preSolution
		Debug|Any CPU = Debug|Any CPU
		Release|Any CPU = Release|Any CPU
	EndGlobalSection
	GlobalSection(ProjectConfigurationPlatforms) = postSolution
		{59BDF1D9-DF50-460E-8C55-98DDE0585F8B}.Debug|Any CPU.ActiveCfg = Debug|Any CPU
		{59BDF1D9-DF50-460E-8C55-98DDE0585F8B}.Debug|Any CPU.Build.0 = Debug|Any CPU
		{59BDF1D9-DF50-460E-8C55-98DDE0585F8B}.Release|Any CPU.ActiveCfg = Release|Any CPU
		{59BDF1D9-DF50-460E-8C55-98DDE0585F8B}.Release|Any CPU.Build.0 = Release|Any CPU
	EndGlobalSection
	GlobalSection(SolutionProperties) = preSolution
		HideSolutionNode = FALSE
	EndGlobalSection
	GlobalSection(ExtensibilityGlobals) = postSolution
		SolutionGuid = {E90559C2-21DA-49CC-B85D-3260D6E27664}
	EndGlobalSection
EndGlobal
